
Microsoft Visual Studio Solution File, Format Version 12.00
# Visual Studio Version 17
VisualStudioVersion = 17.13.35825.156 d17.13
MinimumVisualStudioVersion = 10.0.40219.1
Project("{FAE04EC0-301F-11D3-BF4B-00C04F79EFBC}") = "SampleWebAPI", "SampleWebAPI\SampleWebAPI.csproj", "{79513BC8-AE22-4C10-8D83-7FEA45425BC3}"
EndProject
Global
	GlobalSection(SolutionConfigurationPlatforms) = preSolution
		Debug|Any CPU = Debug|Any CPU
		Release|Any CPU = Release|Any CPU
	EndGlobalSection
	GlobalSection(ProjectConfigurationPlatforms) = postSolution
		{79513BC8-AE22-4C10-8D83-7FEA45425BC3}.Debug|Any CPU.ActiveCfg = Debug|Any CPU
		{79513BC8-AE22-4C10-8D83-7FEA45425BC3}.Debug|Any CPU.Build.0 = Debug|Any CPU
		{79513BC8-AE22-4C10-8D83-7FEA45425BC3}.Release|Any CPU.ActiveCfg = Release|Any CPU
		{79513BC8-AE22-4C10-8D83-7FEA45425BC3}.Release|Any CPU.Build.0 = Release|Any CPU
	EndGlobalSection
	GlobalSection(SolutionProperties) = preSolution
		HideSolutionNode = FALSE
	EndGlobalSection
	GlobalSection(ExtensibilityGlobals) = postSolution
		SolutionGuid = {4CF019A7-DFF4-4362-8FA5-21C95EE85C39}
	EndGlobalSection
EndGlobal
